Microsoft Visual Studio Solution File, Format Version 12.00
# Visual Studio Version 17
VisualStudioVersion = 17.5.2.0
MinimumVisualStudioVersion = 10.0.40219.1
Project("{2150E333-8FDC-42A3-9474-1A3956D46DE8}") = "bindings", "bindings", "{D683BF3D-D126-42E8-A222-A84F83186095}"
EndProject
Project("{2150E333-8FDC-42A3-9474-1A3956D46DE8}") = "dotnet", "dotnet", "{A98B7F18-ED53-EBCD-09F7-717690A67F95}"
EndProject
Project("{FAE04EC0-301F-11D3-BF4B-00C04F79EFBC}") = "RustedGeom.Bindings", "bindings\dotnet\RustedGeom.Bindings.csproj", "{8E274604-F472-3EA4-51AE-EA19C94FB554}"
EndProject
Global
	GlobalSection(SolutionConfigurationPlatforms) = preSolution
		Debug|Any CPU = Debug|Any CPU
		Release|Any CPU = Release|Any CPU
	EndGlobalSection
	GlobalSection(ProjectConfigurationPlatforms) = postSolution
		{8E274604-F472-3EA4-51AE-EA19C94FB554}.Debug|Any CPU.ActiveCfg = Debug|Any CPU
		{8E274604-F472-3EA4-51AE-EA19C94FB554}.Debug|Any CPU.Build.0 = Debug|Any CPU
		{8E274604-F472-3EA4-51AE-EA19C94FB554}.Release|Any CPU.ActiveCfg = Release|Any CPU
		{8E274604-F472-3EA4-51AE-EA19C94FB554}.Release|Any CPU.Build.0 = Release|Any CPU
	EndGlobalSection
	GlobalSection(SolutionProperties) = preSolution
		HideSolutionNode = FALSE
	EndGlobalSection
	GlobalSection(NestedProjects) = preSolution
		{A98B7F18-ED53-EBCD-09F7-717690A67F95} = {D683BF3D-D126-42E8-A222-A84F83186095}
		{8E274604-F472-3EA4-51AE-EA19C94FB554} = {A98B7F18-ED53-EBCD-09F7-717690A67F95}
	EndGlobalSection
	GlobalSection(ExtensibilityGlobals) = postSolution
		SolutionGuid = {26B17EDA-34F2-40E4-B1B5-DB4D7CBB2651}
	EndGlobalSection
EndGlobal
